
Microsoft Visual Studio Solution File, Format Version 12.00
# Visual Studio 15
VisualStudioVersion = 15.0.28307.489
MinimumVisualStudioVersion = 10.0.40219.1
Project("{FAE04EC0-301F-11D3-BF4B-00C04F79EFBC}") = "DukeArt", "DukeArt\DukeArt.csproj", "{487911CE-EB4D-47E3-889B-65468D2BF7EB}"
EndProject
Global
	GlobalSection(SolutionConfigurationPlatforms) = preSolution
		Debug|Any CPU = Debug|Any CPU
		Release|Any CPU = Release|Any CPU
	EndGlobalSection
	GlobalSection(ProjectConfigurationPlatforms) = postSolution
		{487911CE-EB4D-47E3-889B-65468D2BF7EB}.Debug|Any CPU.ActiveCfg = Debug|Any CPU
		{487911CE-EB4D-47E3-889B-65468D2BF7EB}.Debug|Any CPU.Build.0 = Debug|Any CPU
		{487911CE-EB4D-47E3-889B-65468D2BF7EB}.Release|Any CPU.ActiveCfg = Release|Any CPU
		{487911CE-EB4D-47E3-889B-65468D2BF7EB}.Release|Any CPU.Build.0 = Release|Any CPU
	EndGlobalSection
	GlobalSection(SolutionProperties) = preSolution
		HideSolutionNode = FALSE
	EndGlobalSection
	GlobalSection(ExtensibilityGlobals) = postSolution
		SolutionGuid = {BEB98695-4BE7-4FA9-9704-5EAC520A945A}
	EndGlobalSection
EndGlobal
